# This file is autogenerated, do not edit; changes may be undone by the next 'dep ensure'.


[[projects]]
  name = "github.com/mattn/go-runewidth"
  packages = ["."]
  revision = "9e777a8366cce605130a531d2cd6363d07ad7317"
  version = "v0.0.2"

[[projects]]
  name = "gopkg.in/cheggaaa/pb.v1"
  packages = ["."]
  revision = "657164d0228d6bebe316fdf725c69f131a50fb10"
  version = "v1.0.18"

[solve-meta]
  analyzer-name = "dep"
  analyzer-version = 1
  inputs-digest = "9104e28013cbd31fb06fed99785316a925f08bdfa6952e5b9024444db295aa9f"
  solver-name = "gps-cdcl"
  solver-version = 1
